// !$*UTF8*$!
{
	archiveVersion = 1;
	classes = {
	};
	objectVersion = 46;
	objects = {

/* Begin PBXBuildFile section */
		6EDFD25D1DA5EF3800D5F3AE /* AppDelegate.swift in Sources */ = {isa = PBXBuildFile; fileRef = 6EDFD25C1DA5EF3800D5F3AE /* AppDelegate.swift */; };
		6EDFD25F1DA5EF3800D5F3AE /* ViewController.swift in Sources */ = {isa = PBXBuildFile; fileRef = 6EDFD25E1DA5EF3800D5F3AE /* ViewController.swift */; };
		6EDFD2621DA5EF3800D5F3AE /* Main.storyboard in Resources */ = {isa = PBXBuildFile; fileRef = 6EDFD2601DA5EF3800D5F3AE /* Main.storyboard */; };
		6EDFD2651DA5EF3800D5F3AE /* Core_Data_Demo.xcdatamodeld in Sources */ = {isa = PBXBuildFile; fileRef = 6EDFD2631DA5EF3800D5F3AE /* Core_Data_Demo.xcdatamodeld */; };
		6EDFD2671DA5EF3800D5F3AE /* Assets.xcassets in Resources */ = {isa = PBXBuildFile; fileRef = 6EDFD2661DA5EF3800D5F3AE /* Assets.xcassets */; };
		6EDFD26A1DA5EF3800D5F3AE /* LaunchScreen.storyboard in Resources */ = {isa = PBXBuildFile; fileRef = 6EDFD2681DA5EF3800D5F3AE /* LaunchScreen.storyboard */; };
/* End PBXBuildFile section */

/* Begin PBXFileReference section */
		6EDFD2591DA5EF3800D5F3AE /* Core Data Demo.app */ = {isa = PBXFileReference; explicitFileType = wrapper.application; includeInIndex = 0; path = "Core Data Demo.app"; sourceTree = BUILT_PRODUCTS_DIR; };
		6EDFD25C1DA5EF3800D5F3AE /* AppDelegate.swift */ = {isa = PBXFileReference; lastKnownFileType = sourcecode.swift; path = AppDelegate.swift; sourceTree = "<group>"; };
		6EDFD25E1DA5EF3800D5F3AE /* ViewController.swift */ = {isa = PBXFileReference; lastKnownFileType = sourcecode.swift; path = ViewController.swift; sourceTree = "<group>"; };
		6EDFD2611DA5EF3800D5F3AE /* Base */ = {isa = PBXFileReference; lastKnownFileType = file.storyboard; name = Base; path = Base.lproj/Main.storyboard; sourceTree = "<group>"; };
		6EDFD2641DA5EF3800D5F3AE /* Core_Data_Demo.xcdatamodel */ = {isa = PBXFileReference; lastKnownFileType = wrapper.xcdatamodel; path = Core_Data_Demo.xcdatamodel; sourceTree = "<group>"; };
		6EDFD2661DA5EF3800D5F3AE /* Assets.xcassets */ = {isa = PBXFileReference; lastKnownFileType = folder.assetcatalog; path = Assets.xcassets; sourceTree = "<group>"; };
		6EDFD2691DA5EF3800D5F3AE /* Base */ = {isa = PBXFileReference; lastKnownFileType = file.storyboard; name = Base; path = Base.lproj/LaunchScreen.storyboard; sourceTree = "<group>"; };
		6EDFD26B1DA5EF3800D5F3AE /* Info.plist */ = {isa = PBXFileReference; lastKnownFileType = text.plist.xml; path = Info.plist; sourceTree = "<group>"; };
/* End PBXFileReference section */

/* Begin PBXFrameworksBuildPhase section */
		6EDFD2561DA5EF3700D5F3AE /* Frameworks */ = {
			isa = PBXFrameworksBuildPhase;
			buildActionMask = 2147483647;
			files = (
			);
			runOnlyForDeploymentPostprocessing = 0;
		};
/* End PBXFrameworksBuildPhase section */

/* Begin PBXGroup section */
		6EDFD2501DA5EF3700D5F3AE = {
			isa = PBXGroup;
			children = (
				6EDFD25B1DA5EF3800D5F3AE /* Core Data Demo */,
				6EDFD25A1DA5EF3800D5F3AE /* Products */,
			);
			sourceTree = "<group>";
		};
		6EDFD25A1DA5EF3800D5F3AE /* Products */ = {
			isa = PBXGroup;
			children = (
				6EDFD2591DA5EF3800D5F3AE /* Core Data Demo.app */,
			);
			name = Products;
			sourceTree = "<group>";
		};
		6EDFD25B1DA5EF3800D5F3AE /* Core Data Demo */ = {
			isa = PBXGroup;
			children = (
				6EDFD25C1DA5EF3800D5F3AE /* AppDelegate.swift */,
				6EDFD25E1DA5EF3800D5F3AE /* ViewController.swift */,
				6EDFD2601DA5EF3800D5F3AE /* Main.storyboard */,
				6EDFD2661DA5EF3800D5F3AE /* Assets.xcassets */,
				6EDFD2681DA5EF3800D5F3AE /* LaunchScreen.storyboard */,
				6EDFD26B1DA5EF3800D5F3AE /* Info.plist */,
				6EDFD2631DA5EF3800D5F3AE /* Core_Data_Demo.xcdatamodeld */,
			);
			path = "Core Data Demo";
			sourceTree = "<group>";
		};
/* End PBXGroup section */

/* Begin PBXNativeTarget section */
		6EDFD2581DA5EF3700D5F3AE /* Core Data Demo */ = {
			isa = PBXNativeTarget;
			buildConfigurationList = 6EDFD26E1DA5EF3800D5F3AE /* Build configuration list for PBXNativeTarget "Core Data Demo" */;
			buildPhases = (
				6EDFD2551DA5EF3700D5F3AE /* Sources */,
				6EDFD2561DA5EF3700D5F3AE /* Frameworks */,
				6EDFD2571DA5EF3700D5F3AE /* Resources */,
			);
			buildRules = (
			);
			dependencies = (
			);
			name = "Core Data Demo";
			productName = "Core Data Demo";
			productReference = 6EDFD2591DA5EF3800D5F3AE /* Core Data Demo.app */;
			productType = "com.apple.product-type.application";
		};
/* End PBXNativeTarget section */

/* Begin PBXProject section */
		6EDFD2511DA5EF3700D5F3AE /* Project object */ = {
			isa = PBXProject;
			attributes = {
				LastSwiftUpdateCheck = 0800;
				LastUpgradeCheck = 0800;
				ORGANIZATIONNAME = "Zulwiyoza Putra";
				TargetAttributes = {
					6EDFD2581DA5EF3700D5F3AE = {
						CreatedOnToolsVersion = 8.0;
						DevelopmentTeam = 44VVQHZS45;
						ProvisioningStyle = Automatic;
					};
				};
			};
			buildConfigurationList = 6EDFD2541DA5EF3700D5F3AE /* Build configuration list for PBXProject "Core Data Demo" */;
			compatibilityVersion = "Xcode 3.2";
			developmentRegion = English;
			hasScannedForEncodings = 0;
			knownRegions = (
				en,
				Base,
			);
			mainGroup = 6EDFD2501DA5EF3700D5F3AE;
			productRefGroup = 6EDFD25A1DA5EF3800D5F3AE /* Products */;
			projectDirPath = "";
			projectRoot = "";
			targets = (
				6EDFD2581DA5EF3700D5F3AE /* Core Data Demo */,
			);
		};
/* End PBXProject section */

/* Begin PBXResourcesBuildPhase section */
		6EDFD2571DA5EF3700D5F3AE /* Resources */ = {
			isa = PBXResourcesBuildPhase;
			buildActionMask = 2147483647;
			files = (
				6EDFD26A1DA5EF3800D5F3AE /* LaunchScreen.storyboard in Resources */,
				6EDFD2671DA5EF3800D5F3AE /* Assets.xcassets in Resources */,
				6EDFD2621DA5EF3800D5F3AE /* Main.storyboard in Resources */,
			);
			runOnlyForDeploymentPostprocessing = 0;
		};
/* End PBXResourcesBuildPhase section */

/* Begin PBXSourcesBuildPhase section */
		6EDFD2551DA5EF3700D5F3AE /* Sources */ = {
			isa = PBXSourcesBuildPhase;
			buildActionMask = 2147483647;
			files = (
				6EDFD25F1DA5EF3800D5F3AE /* ViewController.swift in Sources */,
				6EDFD2651DA5EF3800D5F3AE /* Core_Data_Demo.xcdatamodeld in Sources */,
				6EDFD25D1DA5EF3800D5F3AE /* AppDelegate.swift in Sources */,
			);
			runOnlyForDeploymentPostprocessing = 0;
		};
/* End PBXSourcesBuildPhase section */

/* Begin PBXVariantGroup section */
		6EDFD2601DA5EF3800D5F3AE /* Main.storyboard */ = {
			isa = PBXVariantGroup;
			children = (
				6EDFD2611DA5EF3800D5F3AE /* Base */,
			);
			name = Main.storyboard;
			sourceTree = "<group>";
		};
		6EDFD2681DA5EF3800D5F3AE /* LaunchScreen.storyboard */ = {
			isa = PBXVariantGroup;
			children = (
				6EDFD2691DA5EF3800D5F3AE /* Base */,
			);
			name = LaunchScreen.storyboard;
			sourceTree = "<group>";
		};
/* End PBXVariantGroup section */

/* Begin XCBuildConfiguration section */
		6EDFD26C1DA5EF3800D5F3AE /* Debug */ = {
			isa = XCBuildConfiguration;
			buildSettings = {
				ALWAYS_SEARCH_USER_PATHS = NO;
				CLANG_ANALYZER_NONNULL = YES;
				CLANG_CXX_LANGUAGE_STANDARD = "gnu++0x";
				CLANG_CXX_LIBRARY = "libc++";
				CLANG_ENABLE_MODULES = YES;
				CLANG_ENABLE_OBJC_ARC = YES;
				CLANG_WARN_BOOL_CONVERSION = YES;
				CLANG_WARN_CONSTANT_CONVERSION = YES;
				CLANG_WARN_DIRECT_OBJC_ISA_USAGE = YES_ERROR;
				CLANG_WARN_DOCUMENTATION_COMMENTS = YES;
				CLANG_WARN_EMPTY_BODY = YES;
				CLANG_WARN_ENUM_CONVERSION = YES;
				CLANG_WARN_INFINITE_RECURSION = YES;
				CLANG_WARN_INT_CONVERSION = YES;
				CLANG_WARN_OBJC_ROOT_CLASS = YES_ERROR;
				CLANG_WARN_SUSPICIOUS_MOVES = YES;
				CLANG_WARN_UNREACHABLE_CODE = YES;
				CLANG_WARN__DUPLICATE_METHOD_MATCH = YES;
				"CODE_SIGN_IDENTITY[sdk=iphoneos*]" = "iPhone Developer";
				COPY_PHASE_STRIP = NO;
				DEBUG_INFORMATION_FORMAT = dwarf;
				ENABLE_STRICT_OBJC_MSGSEND = YES;
				ENABLE_TESTABILITY = YES;
				GCC_C_LANGUAGE_STANDARD = gnu99;
				GCC_DYNAMIC_NO_PIC = NO;
				GCC_NO_COMMON_BLOCKS = YES;
				GCC_OPTIMIZATION_LEVEL = 0;
				GCC_PREPROCESSOR_DEFINITIONS = (
					"DEBUG=1",
					"$(inherited)",
				);
				GCC_WARN_64_TO_32_BIT_CONVERSION = YES;
				GCC_WARN_ABOUT_RETURN_TYPE = YES_ERROR;
				GCC_WARN_UNDECLARED_SELECTOR = YES;
				GCC_WARN_UNINITIALIZED_AUTOS = YES_AGGRESSIVE;
				GCC_WARN_UNUSED_FUNCTION = YES;
				GCC_WARN_UNUSED_VARIABLE = YES;
				IPHONEOS_DEPLOYMENT_TARGET = 10.0;
				MTL_ENABLE_DEBUG_INFO = YES;
				ONLY_ACTIVE_ARCH = YES;
				SDKROOT = iphoneos;
				SWIFT_ACTIVE_COMPILATION_CONDITIONS = DEBUG;
				SWIFT_OPTIMIZATION_LEVEL = "-Onone";
			};
			name = Debug;
		};
		6EDFD26D1DA5EF3800D5F3AE /* Release */ = {
			isa = XCBuildConfiguration;
			buildSettings = {
				ALWAYS_SEARCH_USER_PATHS = NO;
				CLANG_ANALYZER_NONNULL = YES;
				CLANG_CXX_LANGUAGE_STANDARD = "gnu++0x";
				CLANG_CXX_LIBRARY = "libc++";
				CLANG_ENABLE_MODULES = YES;
				CLANG_ENABLE_OBJC_ARC = YES;
				CLANG_WARN_BOOL_CONVERSION = YES;
				CLANG_WARN_CONSTANT_CONVERSION = YES;
				CLANG_WARN_DIRECT_OBJC_ISA_USAGE = YES_ERROR;
				CLANG_WARN_DOCUMENTATION_COMMENTS = YES;
				CLANG_WARN_EMPTY_BODY = YES;
				CLANG_WARN_ENUM_CONVERSION = YES;
				CLANG_WARN_INFINITE_RECURSION = YES;
				CLANG_WARN_INT_CONVERSION = YES;
				CLANG_WARN_OBJC_ROOT_CLASS = YES_ERROR;
				CLANG_WARN_SUSPICIOUS_MOVES = YES;
				CLANG_WARN_UNREACHABLE_CODE = YES;
				CLANG_WARN__DUPLICATE_METHOD_MATCH = YES;
				"CODE_SIGN_IDENTITY[sdk=iphoneos*]" = "iPhone Developer";
				COPY_PHASE_STRIP = NO;
				DEBUG_INFORMATION_FORMAT = "dwarf-with-dsym";
				ENABLE_NS_ASSERTIONS = NO;
				ENABLE_STRICT_OBJC_MSGSEND = YES;
				GCC_C_LANGUAGE_STANDARD = gnu99;
				GCC_NO_COMMON_BLOCKS = YES;
				GCC_WARN_64_TO_32_BIT_CONVERSION = YES;
				GCC_WARN_ABOUT_RETURN_TYPE = YES_ERROR;
				GCC_WARN_UNDECLARED_SELECTOR = YES;
				GCC_WARN_UNINITIALIZED_AUTOS = YES_AGGRESSIVE;
				GCC_WARN_UNUSED_FUNCTION = YES;
				GCC_WARN_UNUSED_VARIABLE = YES;
				IPHONEOS_DEPLOYMENT_TARGET = 10.0;
				MTL_ENABLE_DEBUG_INFO = NO;
				SDKROOT = iphoneos;
				SWIFT_OPTIMIZATION_LEVEL = "-Owholemodule";
				VALIDATE_PRODUCT = YES;
			};
			name = Release;
		};
		6EDFD26F1DA5EF3800D5F3AE /* Debug */ = {
			isa = XCBuildConfiguration;
			buildSettings = {
				ASSETCATALOG_COMPILER_APPICON_NAME = AppIcon;
				DEVELOPMENT_TEAM = 44VVQHZS45;
				INFOPLIST_FILE = "Core Data Demo/Info.plist";
				LD_RUNPATH_SEARCH_PATHS = "$(inherited) @executable_path/Frameworks";
				PRODUCT_BUNDLE_IDENTIFIER = "com.zulwiyozaputra.Core-Data-Demo";
				PRODUCT_NAME = "$(TARGET_NAME)";
				SWIFT_VERSION = 3.0;
			};
			name = Debug;
		};
		6EDFD2701DA5EF3800D5F3AE /* Release */ = {
			isa = XCBuildConfiguration;
			buildSettings = {
				ASSETCATALOG_COMPILER_APPICON_NAME = AppIcon;
				DEVELOPMENT_TEAM = 44VVQHZS45;
				INFOPLIST_FILE = "Core Data Demo/Info.plist";
				LD_RUNPATH_SEARCH_PATHS = "$(inherited) @executable_path/Frameworks";
				PRODUCT_BUNDLE_IDENTIFIER = "com.zulwiyozaputra.Core-Data-Demo";
				PRODUCT_NAME = "$(TARGET_NAME)";
				SWIFT_VERSION = 3.0;
			};
			name = Release;
		};
/* End XCBuildConfiguration section */

/* Begin XCConfigurationList section */
		6EDFD2541DA5EF3700D5F3AE /* Build configuration list for PBXProject "Core Data Demo" */ = {
			isa = XCConfigurationList;
			buildConfigurations = (
				6EDFD26C1DA5EF3800D5F3AE /* Debug */,
				6EDFD26D1DA5EF3800D5F3AE /* Release */,
			);
			defaultConfigurationIsVisible = 0;
			defaultConfigurationName = Release;
		};
		6EDFD26E1DA5EF3800D5F3AE /* Build configuration list for PBXNativeTarget "Core Data Demo" */ = {
			isa = XCConfigurationList;
			buildConfigurations = (
				6EDFD26F1DA5EF3800D5F3AE /* Debug */,
				6EDFD2701DA5EF3800D5F3AE /* Release */,
			);
			defaultConfigurationIsVisible = 0;
		};
/* End XCConfigurationList section */

/* Begin XCVersionGroup section */
		6EDFD2631DA5EF3800D5F3AE /* Core_Data_Demo.xcdatamodeld */ = {
			isa = XCVersionGroup;
			children = (
				6EDFD2641DA5EF3800D5F3AE /* Core_Data_Demo.xcdatamodel */,
			);
			currentVersion = 6EDFD2641DA5EF3800D5F3AE /* Core_Data_Demo.xcdatamodel */;
			path = Core_Data_Demo.xcdatamodeld;
			sourceTree = "<group>";
			versionGroupType = wrapper.xcdatamodel;
		};
/* End XCVersionGroup section */
	};
	rootObject = 6EDFD2511DA5EF3700D5F3AE /* Project object */;
}
